
Microsoft Visual Studio Solution File, Format Version 12.00
# Visual Studio Version 16
VisualStudioVersion = 16.0.810.22
MinimumVisualStudioVersion = 10.0.40219.1
Project("{FAE04EC0-301F-11D3-BF4B-00C04F79EFBC}") = "QuoteApp", "QuoteApp\QuoteApp.csproj", "{0FDBE620-B830-487B-BF14-BE167ACECB84}"
EndProject
Global
	GlobalSection(SolutionConfigurationPlatforms) = preSolution
		Debug|Any CPU = Debug|Any CPU
		Release|Any CPU = Release|Any CPU
	EndGlobalSection
	GlobalSection(ProjectConfigurationPlatforms) = postSolution
		{0FDBE620-B830-487B-BF14-BE167ACECB84}.Debug|Any CPU.ActiveCfg = Debug|Any CPU
		{0FDBE620-B830-487B-BF14-BE167ACECB84}.Debug|Any CPU.Build.0 = Debug|Any CPU
		{0FDBE620-B830-487B-BF14-BE167ACECB84}.Release|Any CPU.ActiveCfg = Release|Any CPU
		{0FDBE620-B830-487B-BF14-BE167ACECB84}.Release|Any CPU.Build.0 = Release|Any CPU
	EndGlobalSection
	GlobalSection(SolutionProperties) = preSolution
		HideSolutionNode = FALSE
	EndGlobalSection
	GlobalSection(ExtensibilityGlobals) = postSolution
		SolutionGuid = {A12D43E1-FF2B-4FEC-903E-0FDDE76AD953}
	EndGlobalSection
EndGlobal
